// !$*UTF8*$!
{
	archiveVersion = 1;
	classes = {
	};
	objectVersion = 56;
	objects = {

/* Begin PBXBuildFile section */
		180F23752B1880D800F6FFEC /* AppDelegate.swift in Sources */ = {isa = PBXBuildFile; fileRef = 180F23742B1880D800F6FFEC /* AppDelegate.swift */; };
		180F23772B1880D800F6FFEC /* SceneDelegate.swift in Sources */ = {isa = PBXBuildFile; fileRef = 180F23762B1880D800F6FFEC /* SceneDelegate.swift */; };
		180F23792B1880D800F6FFEC /* ViewController.swift in Sources */ = {isa = PBXBuildFile; fileRef = 180F23782B1880D800F6FFEC /* ViewController.swift */; };
		180F237C2B1880D800F6FFEC /* Main.storyboard in Resources */ = {isa = PBXBuildFile; fileRef = 180F237A2B1880D800F6FFEC /* Main.storyboard */; };
		180F237F2B1880D800F6FFEC /* CoreDataDeepDive.xcdatamodeld in Sources */ = {isa = PBXBuildFile; fileRef = 180F237D2B1880D800F6FFEC /* CoreDataDeepDive.xcdatamodeld */; };
		180F23812B1880D900F6FFEC /* Assets.xcassets in Resources */ = {isa = PBXBuildFile; fileRef = 180F23802B1880D900F6FFEC /* Assets.xcassets */; };
		180F23842B1880D900F6FFEC /* LaunchScreen.storyboard in Resources */ = {isa = PBXBuildFile; fileRef = 180F23822B1880D900F6FFEC /* LaunchScreen.storyboard */; };
		180F238F2B1880D900F6FFEC /* CoreDataDeepDiveTests.swift in Sources */ = {isa = PBXBuildFile; fileRef = 180F238E2B1880D900F6FFEC /* CoreDataDeepDiveTests.swift */; };
		180F23992B1880D900F6FFEC /* CoreDataDeepDiveUITests.swift in Sources */ = {isa = PBXBuildFile; fileRef = 180F23982B1880D900F6FFEC /* CoreDataDeepDiveUITests.swift */; };
		180F239B2B1880D900F6FFEC /* CoreDataDeepDiveUITestsLaunchTests.swift in Sources */ = {isa = PBXBuildFile; fileRef = 180F239A2B1880D900F6FFEC /* CoreDataDeepDiveUITestsLaunchTests.swift */; };
/* End PBXBuildFile section */

/* Begin PBXContainerItemProxy section */
		180F238B2B1880D900F6FFEC /* PBXContainerItemProxy */ = {
			isa = PBXContainerItemProxy;
			containerPortal = 180F23692B1880D800F6FFEC /* Project object */;
			proxyType = 1;
			remoteGlobalIDString = 180F23702B1880D800F6FFEC;
			remoteInfo = CoreDataDeepDive;
		};
		180F23952B1880D900F6FFEC /* PBXContainerItemProxy */ = {
			isa = PBXContainerItemProxy;
			containerPortal = 180F23692B1880D800F6FFEC /* Project object */;
			proxyType = 1;
			remoteGlobalIDString = 180F23702B1880D800F6FFEC;
			remoteInfo = CoreDataDeepDive;
		};
/* End PBXContainerItemProxy section */

/* Begin PBXFileReference section */
		180F23712B1880D800F6FFEC /* CoreDataDeepDive.app */ = {isa = PBXFileReference; explicitFileType = wrapper.application; includeInIndex = 0; path = CoreDataDeepDive.app; sourceTree = BUILT_PRODUCTS_DIR; };
		180F23742B1880D800F6FFEC /* AppDelegate.swift */ = {isa = PBXFileReference; lastKnownFileType = sourcecode.swift; path = AppDelegate.swift; sourceTree = "<group>"; };
		180F23762B1880D800F6FFEC /* SceneDelegate.swift */ = {isa = PBXFileReference; lastKnownFileType = sourcecode.swift; path = SceneDelegate.swift; sourceTree = "<group>"; };
		180F23782B1880D800F6FFEC /* ViewController.swift */ = {isa = PBXFileReference; lastKnownFileType = sourcecode.swift; path = ViewController.swift; sourceTree = "<group>"; };
		180F237B2B1880D800F6FFEC /* Base */ = {isa = PBXFileReference; lastKnownFileType = file.storyboard; name = Base; path = Base.lproj/Main.storyboard; sourceTree = "<group>"; };
		180F237E2B1880D800F6FFEC /* CoreDataDeepDive.xcdatamodel */ = {isa = PBXFileReference; lastKnownFileType = wrapper.xcdatamodel; path = CoreDataDeepDive.xcdatamodel; sourceTree = "<group>"; };
		180F23802B1880D900F6FFEC /* Assets.xcassets */ = {isa = PBXFileReference; lastKnownFileType = folder.assetcatalog; path = Assets.xcassets; sourceTree = "<group>"; };
		180F23832B1880D900F6FFEC /* Base */ = {isa = PBXFileReference; lastKnownFileType = file.storyboard; name = Base; path = Base.lproj/LaunchScreen.storyboard; sourceTree = "<group>"; };
		180F23852B1880D900F6FFEC /* Info.plist */ = {isa = PBXFileReference; lastKnownFileType = text.plist.xml; path = Info.plist; sourceTree = "<group>"; };
		180F238A2B1880D900F6FFEC /* CoreDataDeepDiveTests.xctest */ = {isa = PBXFileReference; explicitFileType = wrapper.cfbundle; includeInIndex = 0; path = CoreDataDeepDiveTests.xctest; sourceTree = BUILT_PRODUCTS_DIR; };
		180F238E2B1880D900F6FFEC /* CoreDataDeepDiveTests.swift */ = {isa = PBXFileReference; lastKnownFileType = sourcecode.swift; path = CoreDataDeepDiveTests.swift; sourceTree = "<group>"; };
		180F23942B1880D900F6FFEC /* CoreDataDeepDiveUITests.xctest */ = {isa = PBXFileReference; explicitFileType = wrapper.cfbundle; includeInIndex = 0; path = CoreDataDeepDiveUITests.xctest; sourceTree = BUILT_PRODUCTS_DIR; };
		180F23982B1880D900F6FFEC /* CoreDataDeepDiveUITests.swift */ = {isa = PBXFileReference; lastKnownFileType = sourcecode.swift; path = CoreDataDeepDiveUITests.swift; sourceTree = "<group>"; };
		180F239A2B1880D900F6FFEC /* CoreDataDeepDiveUITestsLaunchTests.swift */ = {isa = PBXFileReference; lastKnownFileType = sourcecode.swift; path = CoreDataDeepDiveUITestsLaunchTests.swift; sourceTree = "<group>"; };
/* End PBXFileReference section */

/* Begin PBXFrameworksBuildPhase section */
		180F236E2B1880D800F6FFEC /* Frameworks */ = {
			isa = PBXFrameworksBuildPhase;
			buildActionMask = 2147483647;
			files = (
			);
			runOnlyForDeploymentPostprocessing = 0;
		};
		180F23872B1880D900F6FFEC /* Frameworks */ = {
			isa = PBXFrameworksBuildPhase;
			buildActionMask = 2147483647;
			files = (
			);
			runOnlyForDeploymentPostprocessing = 0;
		};
		180F23912B1880D900F6FFEC /* Frameworks */ = {
			isa = PBXFrameworksBuildPhase;
			buildActionMask = 2147483647;
			files = (
			);
			runOnlyForDeploymentPostprocessing = 0;
		};
/* End PBXFrameworksBuildPhase section */

/* Begin PBXGroup section */
		180F23682B1880D800F6FFEC = {
			isa = PBXGroup;
			children = (
				180F23732B1880D800F6FFEC /* CoreDataDeepDive */,
				180F238D2B1880D900F6FFEC /* CoreDataDeepDiveTests */,
				180F23972B1880D900F6FFEC /* CoreDataDeepDiveUITests */,
				180F23722B1880D800F6FFEC /* Products */,
			);
			sourceTree = "<group>";
		};
		180F23722B1880D800F6FFEC /* Products */ = {
			isa = PBXGroup;
			children = (
				180F23712B1880D800F6FFEC /* CoreDataDeepDive.app */,
				180F238A2B1880D900F6FFEC /* CoreDataDeepDiveTests.xctest */,
				180F23942B1880D900F6FFEC /* CoreDataDeepDiveUITests.xctest */,
			);
			name = Products;
			sourceTree = "<group>";
		};
		180F23732B1880D800F6FFEC /* CoreDataDeepDive */ = {
			isa = PBXGroup;
			children = (
				180F23742B1880D800F6FFEC /* AppDelegate.swift */,
				180F23762B1880D800F6FFEC /* SceneDelegate.swift */,
				180F23782B1880D800F6FFEC /* ViewController.swift */,
				180F237A2B1880D800F6FFEC /* Main.storyboard */,
				180F23802B1880D900F6FFEC /* Assets.xcassets */,
				180F23822B1880D900F6FFEC /* LaunchScreen.storyboard */,
				180F23852B1880D900F6FFEC /* Info.plist */,
				180F237D2B1880D800F6FFEC /* CoreDataDeepDive.xcdatamodeld */,
			);
			path = CoreDataDeepDive;
			sourceTree = "<group>";
		};
		180F238D2B1880D900F6FFEC /* CoreDataDeepDiveTests */ = {
			isa = PBXGroup;
			children = (
				180F238E2B1880D900F6FFEC /* CoreDataDeepDiveTests.swift */,
			);
			path = CoreDataDeepDiveTests;
			sourceTree = "<group>";
		};
		180F23972B1880D900F6FFEC /* CoreDataDeepDiveUITests */ = {
			isa = PBXGroup;
			children = (
				180F23982B1880D900F6FFEC /* CoreDataDeepDiveUITests.swift */,
				180F239A2B1880D900F6FFEC /* CoreDataDeepDiveUITestsLaunchTests.swift */,
			);
			path = CoreDataDeepDiveUITests;
			sourceTree = "<group>";
		};
/* End PBXGroup section */

/* Begin PBXNativeTarget section */
		180F23702B1880D800F6FFEC /* CoreDataDeepDive */ = {
			isa = PBXNativeTarget;
			buildConfigurationList = 180F239E2B1880D900F6FFEC /* Build configuration list for PBXNativeTarget "CoreDataDeepDive" */;
			buildPhases = (
				180F236D2B1880D800F6FFEC /* Sources */,
				180F236E2B1880D800F6FFEC /* Frameworks */,
				180F236F2B1880D800F6FFEC /* Resources */,
			);
			buildRules = (
			);
			dependencies = (
			);
			name = CoreDataDeepDive;
			productName = CoreDataDeepDive;
			productReference = 180F23712B1880D800F6FFEC /* CoreDataDeepDive.app */;
			productType = "com.apple.product-type.application";
		};
		180F23892B1880D900F6FFEC /* CoreDataDeepDiveTests */ = {
			isa = PBXNativeTarget;
			buildConfigurationList = 180F23A12B1880D900F6FFEC /* Build configuration list for PBXNativeTarget "CoreDataDeepDiveTests" */;
			buildPhases = (
				180F23862B1880D900F6FFEC /* Sources */,
				180F23872B1880D900F6FFEC /* Frameworks */,
				180F23882B1880D900F6FFEC /* Resources */,
			);
			buildRules = (
			);
			dependencies = (
				180F238C2B1880D900F6FFEC /* PBXTargetDependency */,
			);
			name = CoreDataDeepDiveTests;
			productName = CoreDataDeepDiveTests;
			productReference = 180F238A2B1880D900F6FFEC /* CoreDataDeepDiveTests.xctest */;
			productType = "com.apple.product-type.bundle.unit-test";
		};
		180F23932B1880D900F6FFEC /* CoreDataDeepDiveUITests */ = {
			isa = PBXNativeTarget;
			buildConfigurationList = 180F23A42B1880D900F6FFEC /* Build configuration list for PBXNativeTarget "CoreDataDeepDiveUITests" */;
			buildPhases = (
				180F23902B1880D900F6FFEC /* Sources */,
				180F23912B1880D900F6FFEC /* Frameworks */,
				180F23922B1880D900F6FFEC /* Resources */,
			);
			buildRules = (
			);
			dependencies = (
				180F23962B1880D900F6FFEC /* PBXTargetDependency */,
			);
			name = CoreDataDeepDiveUITests;
			productName = CoreDataDeepDiveUITests;
			productReference = 180F23942B1880D900F6FFEC /* CoreDataDeepDiveUITests.xctest */;
			productType = "com.apple.product-type.bundle.ui-testing";
		};
/* End PBXNativeTarget section */

/* Begin PBXProject section */
		180F23692B1880D800F6FFEC /* Project object */ = {
			isa = PBXProject;
			attributes = {
				BuildIndependentTargetsInParallel = 1;
				LastSwiftUpdateCheck = 1500;
				LastUpgradeCheck = 1500;
				TargetAttributes = {
					180F23702B1880D800F6FFEC = {
						CreatedOnToolsVersion = 15.0.1;
					};
					180F23892B1880D900F6FFEC = {
						CreatedOnToolsVersion = 15.0.1;
						TestTargetID = 180F23702B1880D800F6FFEC;
					};
					180F23932B1880D900F6FFEC = {
						CreatedOnToolsVersion = 15.0.1;
						TestTargetID = 180F23702B1880D800F6FFEC;
					};
				};
			};
			buildConfigurationList = 180F236C2B1880D800F6FFEC /* Build configuration list for PBXProject "CoreDataDeepDive" */;
			compatibilityVersion = "Xcode 14.0";
			developmentRegion = en;
			hasScannedForEncodings = 0;
			knownRegions = (
				en,
				Base,
			);
			mainGroup = 180F23682B1880D800F6FFEC;
			productRefGroup = 180F23722B1880D800F6FFEC /* Products */;
			projectDirPath = "";
			projectRoot = "";
			targets = (
				180F23702B1880D800F6FFEC /* CoreDataDeepDive */,
				180F23892B1880D900F6FFEC /* CoreDataDeepDiveTests */,
				180F23932B1880D900F6FFEC /* CoreDataDeepDiveUITests */,
			);
		};
/* End PBXProject section */

/* Begin PBXResourcesBuildPhase section */
		180F236F2B1880D800F6FFEC /* Resources */ = {
			isa = PBXResourcesBuildPhase;
			buildActionMask = 2147483647;
			files = (
				180F23842B1880D900F6FFEC /* LaunchScreen.storyboard in Resources */,
				180F23812B1880D900F6FFEC /* Assets.xcassets in Resources */,
				180F237C2B1880D800F6FFEC /* Main.storyboard in Resources */,
			);
			runOnlyForDeploymentPostprocessing = 0;
		};
		180F23882B1880D900F6FFEC /* Resources */ = {
			isa = PBXResourcesBuildPhase;
			buildActionMask = 2147483647;
			files = (
			);
			runOnlyForDeploymentPostprocessing = 0;
		};
		180F23922B1880D900F6FFEC /* Resources */ = {
			isa = PBXResourcesBuildPhase;
			buildActionMask = 2147483647;
			files = (
			);
			runOnlyForDeploymentPostprocessing = 0;
		};
/* End PBXResourcesBuildPhase section */

/* Begin PBXSourcesBuildPhase section */
		180F236D2B1880D800F6FFEC /* Sources */ = {
			isa = PBXSourcesBuildPhase;
			buildActionMask = 2147483647;
			files = (
				180F23792B1880D800F6FFEC /* ViewController.swift in Sources */,
				180F23752B1880D800F6FFEC /* AppDelegate.swift in Sources */,
				180F237F2B1880D800F6FFEC /* CoreDataDeepDive.xcdatamodeld in Sources */,
				180F23772B1880D800F6FFEC /* SceneDelegate.swift in Sources */,
			);
			runOnlyForDeploymentPostprocessing = 0;
		};
		180F23862B1880D900F6FFEC /* Sources */ = {
			isa = PBXSourcesBuildPhase;
			buildActionMask = 2147483647;
			files = (
				180F238F2B1880D900F6FFEC /* CoreDataDeepDiveTests.swift in Sources */,
			);
			runOnlyForDeploymentPostprocessing = 0;
		};
		180F23902B1880D900F6FFEC /* Sources */ = {
			isa = PBXSourcesBuildPhase;
			buildActionMask = 2147483647;
			files = (
				180F23992B1880D900F6FFEC /* CoreDataDeepDiveUITests.swift in Sources */,
				180F239B2B1880D900F6FFEC /* CoreDataDeepDiveUITestsLaunchTests.swift in Sources */,
			);
			runOnlyForDeploymentPostprocessing = 0;
		};
/* End PBXSourcesBuildPhase section */

/* Begin PBXTargetDependency section */
		180F238C2B1880D900F6FFEC /* PBXTargetDependency */ = {
			isa = PBXTargetDependency;
			target = 180F23702B1880D800F6FFEC /* CoreDataDeepDive */;
			targetProxy = 180F238B2B1880D900F6FFEC /* PBXContainerItemProxy */;
		};
		180F23962B1880D900F6FFEC /* PBXTargetDependency */ = {
			isa = PBXTargetDependency;
			target = 180F23702B1880D800F6FFEC /* CoreDataDeepDive */;
			targetProxy = 180F23952B1880D900F6FFEC /* PBXContainerItemProxy */;
		};
/* End PBXTargetDependency section */

/* Begin PBXVariantGroup section */
		180F237A2B1880D800F6FFEC /* Main.storyboard */ = {
			isa = PBXVariantGroup;
			children = (
				180F237B2B1880D800F6FFEC /* Base */,
			);
			name = Main.storyboard;
			sourceTree = "<group>";
		};
		180F23822B1880D900F6FFEC /* LaunchScreen.storyboard */ = {
			isa = PBXVariantGroup;
			children = (
				180F23832B1880D900F6FFEC /* Base */,
			);
			name = LaunchScreen.storyboard;
			sourceTree = "<group>";
		};
/* End PBXVariantGroup section */

/* Begin XCBuildConfiguration section */
		180F239C2B1880D900F6FFEC /* Debug */ = {
			isa = XCBuildConfiguration;
			buildSettings = {
				ALWAYS_SEARCH_USER_PATHS = NO;
				ASSETCATALOG_COMPILER_GENERATE_SWIFT_ASSET_SYMBOL_EXTENSIONS = YES;
				CLANG_ANALYZER_NONNULL = YES;
				CLANG_ANALYZER_NUMBER_OBJECT_CONVERSION = YES_AGGRESSIVE;
				CLANG_CXX_LANGUAGE_STANDARD = "gnu++20";
				CLANG_ENABLE_MODULES = YES;
				CLANG_ENABLE_OBJC_ARC = YES;
				CLANG_ENABLE_OBJC_WEAK = YES;
				CLANG_WARN_BLOCK_CAPTURE_AUTORELEASING = YES;
				CLANG_WARN_BOOL_CONVERSION = YES;
				CLANG_WARN_COMMA = YES;
				CLANG_WARN_CONSTANT_CONVERSION = YES;
				CLANG_WARN_DEPRECATED_OBJC_IMPLEMENTATIONS = YES;
				CLANG_WARN_DIRECT_OBJC_ISA_USAGE = YES_ERROR;
				CLANG_WARN_DOCUMENTATION_COMMENTS = YES;
				CLANG_WARN_EMPTY_BODY = YES;
				CLANG_WARN_ENUM_CONVERSION = YES;
				CLANG_WARN_INFINITE_RECURSION = YES;
				CLANG_WARN_INT_CONVERSION = YES;
				CLANG_WARN_NON_LITERAL_NULL_CONVERSION = YES;
				CLANG_WARN_OBJC_IMPLICIT_RETAIN_SELF = YES;
				CLANG_WARN_OBJC_LITERAL_CONVERSION = YES;
				CLANG_WARN_OBJC_ROOT_CLASS = YES_ERROR;
				CLANG_WARN_QUOTED_INCLUDE_IN_FRAMEWORK_HEADER = YES;
				CLANG_WARN_RANGE_LOOP_ANALYSIS = YES;
				CLANG_WARN_STRICT_PROTOTYPES = YES;
				CLANG_WARN_SUSPICIOUS_MOVE = YES;
				CLANG_WARN_UNGUARDED_AVAILABILITY = YES_AGGRESSIVE;
				CLANG_WARN_UNREACHABLE_CODE = YES;
				CLANG_WARN__DUPLICATE_METHOD_MATCH = YES;
				COPY_PHASE_STRIP = NO;
				DEBUG_INFORMATION_FORMAT = dwarf;
				ENABLE_STRICT_OBJC_MSGSEND = YES;
				ENABLE_TESTABILITY = YES;
				ENABLE_USER_SCRIPT_SANDBOXING = YES;
				GCC_C_LANGUAGE_STANDARD = gnu17;
				GCC_DYNAMIC_NO_PIC = NO;
				GCC_NO_COMMON_BLOCKS = YES;
				GCC_OPTIMIZATION_LEVEL = 0;
				GCC_PREPROCESSOR_DEFINITIONS = (
					"DEBUG=1",
					"$(inherited)",
				);
				GCC_WARN_64_TO_32_BIT_CONVERSION = YES;
				GCC_WARN_ABOUT_RETURN_TYPE = YES_ERROR;
				GCC_WARN_UNDECLARED_SELECTOR = YES;
				GCC_WARN_UNINITIALIZED_AUTOS = YES_AGGRESSIVE;
				GCC_WARN_UNUSED_FUNCTION = YES;
				GCC_WARN_UNUSED_VARIABLE = YES;
				IPHONEOS_DEPLOYMENT_TARGET = 17.0;
				LOCALIZATION_PREFERS_STRING_CATALOGS = YES;
				MTL_ENABLE_DEBUG_INFO = INCLUDE_SOURCE;
				MTL_FAST_MATH = YES;
				ONLY_ACTIVE_ARCH = YES;
				SDKROOT = iphoneos;
				SWIFT_ACTIVE_COMPILATION_CONDITIONS = "DEBUG $(inherited)";
				SWIFT_OPTIMIZATION_LEVEL = "-Onone";
			};
			name = Debug;
		};
		180F239D2B1880D900F6FFEC /* Release */ = {
			isa = XCBuildConfiguration;
			buildSettings = {
				ALWAYS_SEARCH_USER_PATHS = NO;
				ASSETCATALOG_COMPILER_GENERATE_SWIFT_ASSET_SYMBOL_EXTENSIONS = YES;
				CLANG_ANALYZER_NONNULL = YES;
				CLANG_ANALYZER_NUMBER_OBJECT_CONVERSION = YES_AGGRESSIVE;
				CLANG_CXX_LANGUAGE_STANDARD = "gnu++20";
				CLANG_ENABLE_MODULES = YES;
				CLANG_ENABLE_OBJC_ARC = YES;
				CLANG_ENABLE_OBJC_WEAK = YES;
				CLANG_WARN_BLOCK_CAPTURE_AUTORELEASING = YES;
				CLANG_WARN_BOOL_CONVERSION = YES;
				CLANG_WARN_COMMA = YES;
				CLANG_WARN_CONSTANT_CONVERSION = YES;
				CLANG_WARN_DEPRECATED_OBJC_IMPLEMENTATIONS = YES;
				CLANG_WARN_DIRECT_OBJC_ISA_USAGE = YES_ERROR;
				CLANG_WARN_DOCUMENTATION_COMMENTS = YES;
				CLANG_WARN_EMPTY_BODY = YES;
				CLANG_WARN_ENUM_CONVERSION = YES;
				CLANG_WARN_INFINITE_RECURSION = YES;
				CLANG_WARN_INT_CONVERSION = YES;
				CLANG_WARN_NON_LITERAL_NULL_CONVERSION = YES;
				CLANG_WARN_OBJC_IMPLICIT_RETAIN_SELF = YES;
				CLANG_WARN_OBJC_LITERAL_CONVERSION = YES;
				CLANG_WARN_OBJC_ROOT_CLASS = YES_ERROR;
				CLANG_WARN_QUOTED_INCLUDE_IN_FRAMEWORK_HEADER = YES;
				CLANG_WARN_RANGE_LOOP_ANALYSIS = YES;
				CLANG_WARN_STRICT_PROTOTYPES = YES;
				CLANG_WARN_SUSPICIOUS_MOVE = YES;
				CLANG_WARN_UNGUARDED_AVAILABILITY = YES_AGGRESSIVE;
				CLANG_WARN_UNREACHABLE_CODE = YES;
				CLANG_WARN__DUPLICATE_METHOD_MATCH = YES;
				COPY_PHASE_STRIP = NO;
				DEBUG_INFORMATION_FORMAT = "dwarf-with-dsym";
				ENABLE_NS_ASSERTIONS = NO;
				ENABLE_STRICT_OBJC_MSGSEND = YES;
				ENABLE_USER_SCRIPT_SANDBOXING = YES;
				GCC_C_LANGUAGE_STANDARD = gnu17;
				GCC_NO_COMMON_BLOCKS = YES;
				GCC_WARN_64_TO_32_BIT_CONVERSION = YES;
				GCC_WARN_ABOUT_RETURN_TYPE = YES_ERROR;
				GCC_WARN_UNDECLARED_SELECTOR = YES;
				GCC_WARN_UNINITIALIZED_AUTOS = YES_AGGRESSIVE;
				GCC_WARN_UNUSED_FUNCTION = YES;
				GCC_WARN_UNUSED_VARIABLE = YES;
				IPHONEOS_DEPLOYMENT_TARGET = 17.0;
				LOCALIZATION_PREFERS_STRING_CATALOGS = YES;
				MTL_ENABLE_DEBUG_INFO = NO;
				MTL_FAST_MATH = YES;
				SDKROOT = iphoneos;
				SWIFT_COMPILATION_MODE = wholemodule;
				VALIDATE_PRODUCT = YES;
			};
			name = Release;
		};
		180F239F2B1880D900F6FFEC /* Debug */ = {
			isa = XCBuildConfiguration;
			buildSettings = {
				ASSETCATALOG_COMPILER_APPICON_NAME = AppIcon;
				ASSETCATALOG_COMPILER_GLOBAL_ACCENT_COLOR_NAME = AccentColor;
				CODE_SIGN_STYLE = Automatic;
				CURRENT_PROJECT_VERSION = 1;
				DEVELOPMENT_TEAM = ULX5P6QCP8;
				GENERATE_INFOPLIST_FILE = YES;
				INFOPLIST_FILE = CoreDataDeepDive/Info.plist;
				INFOPLIST_KEY_UIApplicationSupportsIndirectInputEvents = YES;
				INFOPLIST_KEY_UILaunchStoryboardName = LaunchScreen;
				INFOPLIST_KEY_UIMainStoryboardFile = Main;
				INFOPLIST_KEY_UISupportedInterfaceOrientations_iPad = "UIInterfaceOrientationPortrait UIInterfaceOrientationPortraitUpsideDown UIInterfaceOrientationLandscapeLeft UIInterfaceOrientationLandscapeRight";
				INFOPLIST_KEY_UISupportedInterfaceOrientations_iPhone = "UIInterfaceOrientationPortrait UIInterfaceOrientationLandscapeLeft UIInterfaceOrientationLandscapeRight";
				LD_RUNPATH_SEARCH_PATHS = (
					"$(inherited)",
					"@executable_path/Frameworks",
				);
				MARKETING_VERSION = 1.0;
				PRODUCT_BUNDLE_IDENTIFIER = com.fz.CoreDataDeepDive;
				PRODUCT_NAME = "$(TARGET_NAME)";
				SWIFT_EMIT_LOC_STRINGS = YES;
				SWIFT_VERSION = 5.0;
				TARGETED_DEVICE_FAMILY = "1,2";
			};
			name = Debug;
		};
		180F23A02B1880D900F6FFEC /* Release */ = {
			isa = XCBuildConfiguration;
			buildSettings = {
				ASSETCATALOG_COMPILER_APPICON_NAME = AppIcon;
				ASSETCATALOG_COMPILER_GLOBAL_ACCENT_COLOR_NAME = AccentColor;
				CODE_SIGN_STYLE = Automatic;
				CURRENT_PROJECT_VERSION = 1;
				DEVELOPMENT_TEAM = ULX5P6QCP8;
				GENERATE_INFOPLIST_FILE = YES;
				INFOPLIST_FILE = CoreDataDeepDive/Info.plist;
				INFOPLIST_KEY_UIApplicationSupportsIndirectInputEvents = YES;
				INFOPLIST_KEY_UILaunchStoryboardName = LaunchScreen;
				INFOPLIST_KEY_UIMainStoryboardFile = Main;
				INFOPLIST_KEY_UISupportedInterfaceOrientations_iPad = "UIInterfaceOrientationPortrait UIInterfaceOrientationPortraitUpsideDown UIInterfaceOrientationLandscapeLeft UIInterfaceOrientationLandscapeRight";
				INFOPLIST_KEY_UISupportedInterfaceOrientations_iPhone = "UIInterfaceOrientationPortrait UIInterfaceOrientationLandscapeLeft UIInterfaceOrientationLandscapeRight";
				LD_RUNPATH_SEARCH_PATHS = (
					"$(inherited)",
					"@executable_path/Frameworks",
				);
				MARKETING_VERSION = 1.0;
				PRODUCT_BUNDLE_IDENTIFIER = com.fz.CoreDataDeepDive;
				PRODUCT_NAME = "$(TARGET_NAME)";
				SWIFT_EMIT_LOC_STRINGS = YES;
				SWIFT_VERSION = 5.0;
				TARGETED_DEVICE_FAMILY = "1,2";
			};
			name = Release;
		};
		180F23A22B1880D900F6FFEC /* Debug */ = {
			isa = XCBuildConfiguration;
			buildSettings = {
				ALWAYS_EMBED_SWIFT_STANDARD_LIBRARIES = YES;
				BUNDLE_LOADER = "$(TEST_HOST)";
				CODE_SIGN_STYLE = Automatic;
				CURRENT_PROJECT_VERSION = 1;
				DEVELOPMENT_TEAM = ULX5P6QCP8;
				GENERATE_INFOPLIST_FILE = YES;
				IPHONEOS_DEPLOYMENT_TARGET = 17.0;
				MARKETING_VERSION = 1.0;
				PRODUCT_BUNDLE_IDENTIFIER = com.fz.CoreDataDeepDiveTests;
				PRODUCT_NAME = "$(TARGET_NAME)";
				SWIFT_EMIT_LOC_STRINGS = NO;
				SWIFT_VERSION = 5.0;
				TARGETED_DEVICE_FAMILY = "1,2";
				TEST_HOST = "$(BUILT_PRODUCTS_DIR)/CoreDataDeepDive.app/$(BUNDLE_EXECUTABLE_FOLDER_PATH)/CoreDataDeepDive";
			};
			name = Debug;
		};
		180F23A32B1880D900F6FFEC /* Release */ = {
			isa = XCBuildConfiguration;
			buildSettings = {
				ALWAYS_EMBED_SWIFT_STANDARD_LIBRARIES = YES;
				BUNDLE_LOADER = "$(TEST_HOST)";
				CODE_SIGN_STYLE = Automatic;
				CURRENT_PROJECT_VERSION = 1;
				DEVELOPMENT_TEAM = ULX5P6QCP8;
				GENERATE_INFOPLIST_FILE = YES;
				IPHONEOS_DEPLOYMENT_TARGET = 17.0;
				MARKETING_VERSION = 1.0;
				PRODUCT_BUNDLE_IDENTIFIER = com.fz.CoreDataDeepDiveTests;
				PRODUCT_NAME = "$(TARGET_NAME)";
				SWIFT_EMIT_LOC_STRINGS = NO;
				SWIFT_VERSION = 5.0;
				TARGETED_DEVICE_FAMILY = "1,2";
				TEST_HOST = "$(BUILT_PRODUCTS_DIR)/CoreDataDeepDive.app/$(BUNDLE_EXECUTABLE_FOLDER_PATH)/CoreDataDeepDive";
			};
			name = Release;
		};
		180F23A52B1880D900F6FFEC /* Debug */ = {
			isa = XCBuildConfiguration;
			buildSettings = {
				ALWAYS_EMBED_SWIFT_STANDARD_LIBRARIES = YES;
				CODE_SIGN_STYLE = Automatic;
				CURRENT_PROJECT_VERSION = 1;
				DEVELOPMENT_TEAM = ULX5P6QCP8;
				GENERATE_INFOPLIST_FILE = YES;
				MARKETING_VERSION = 1.0;
				PRODUCT_BUNDLE_IDENTIFIER = com.fz.CoreDataDeepDiveUITests;
				PRODUCT_NAME = "$(TARGET_NAME)";
				SWIFT_EMIT_LOC_STRINGS = NO;
				SWIFT_VERSION = 5.0;
				TARGETED_DEVICE_FAMILY = "1,2";
				TEST_TARGET_NAME = CoreDataDeepDive;
			};
			name = Debug;
		};
		180F23A62B1880D900F6FFEC /* Release */ = {
			isa = XCBuildConfiguration;
			buildSettings = {
				ALWAYS_EMBED_SWIFT_STANDARD_LIBRARIES = YES;
				CODE_SIGN_STYLE = Automatic;
				CURRENT_PROJECT_VERSION = 1;
				DEVELOPMENT_TEAM = ULX5P6QCP8;
				GENERATE_INFOPLIST_FILE = YES;
				MARKETING_VERSION = 1.0;
				PRODUCT_BUNDLE_IDENTIFIER = com.fz.CoreDataDeepDiveUITests;
				PRODUCT_NAME = "$(TARGET_NAME)";
				SWIFT_EMIT_LOC_STRINGS = NO;
				SWIFT_VERSION = 5.0;
				TARGETED_DEVICE_FAMILY = "1,2";
				TEST_TARGET_NAME = CoreDataDeepDive;
			};
			name = Release;
		};
/* End XCBuildConfiguration section */

/* Begin XCConfigurationList section */
		180F236C2B1880D800F6FFEC /* Build configuration list for PBXProject "CoreDataDeepDive" */ = {
			isa = XCConfigurationList;
			buildConfigurations = (
				180F239C2B1880D900F6FFEC /* Debug */,
				180F239D2B1880D900F6FFEC /* Release */,
			);
			defaultConfigurationIsVisible = 0;
			defaultConfigurationName = Release;
		};
		180F239E2B1880D900F6FFEC /* Build configuration list for PBXNativeTarget "CoreDataDeepDive" */ = {
			isa = XCConfigurationList;
			buildConfigurations = (
				180F239F2B1880D900F6FFEC /* Debug */,
				180F23A02B1880D900F6FFEC /* Release */,
			);
			defaultConfigurationIsVisible = 0;
			defaultConfigurationName = Release;
		};
		180F23A12B1880D900F6FFEC /* Build configuration list for PBXNativeTarget "CoreDataDeepDiveTests" */ = {
			isa = XCConfigurationList;
			buildConfigurations = (
				180F23A22B1880D900F6FFEC /* Debug */,
				180F23A32B1880D900F6FFEC /* Release */,
			);
			defaultConfigurationIsVisible = 0;
			defaultConfigurationName = Release;
		};
		180F23A42B1880D900F6FFEC /* Build configuration list for PBXNativeTarget "CoreDataDeepDiveUITests" */ = {
			isa = XCConfigurationList;
			buildConfigurations = (
				180F23A52B1880D900F6FFEC /* Debug */,
				180F23A62B1880D900F6FFEC /* Release */,
			);
			defaultConfigurationIsVisible = 0;
			defaultConfigurationName = Release;
		};
/* End XCConfigurationList section */

/* Begin XCVersionGroup section */
		180F237D2B1880D800F6FFEC /* CoreDataDeepDive.xcdatamodeld */ = {
			isa = XCVersionGroup;
			children = (
				180F237E2B1880D800F6FFEC /* CoreDataDeepDive.xcdatamodel */,
			);
			currentVersion = 180F237E2B1880D800F6FFEC /* CoreDataDeepDive.xcdatamodel */;
			path = CoreDataDeepDive.xcdatamodeld;
			sourceTree = "<group>";
			versionGroupType = wrapper.xcdatamodel;
		};
/* End XCVersionGroup section */
	};
	rootObject = 180F23692B1880D800F6FFEC /* Project object */;
}
